# THIS IS AN AUTOGENERATED FILE. DO NOT EDIT THIS FILE DIRECTLY.
# yarn lockfile v1


bootstrap-daterangepicker@2.1.25:
  version "2.1.25"
  resolved "https://registry.yarnpkg.com/bootstrap-daterangepicker/-/bootstrap-daterangepicker-2.1.25.tgz#fcd8ba0b755a054d330d7a3b7c4dd8bb855cffb7"
  dependencies:
    jquery ">=1.10"
    moment "^2.9.0"

bootstrap@3.3.7:
  version "3.3.7"
  resolved "http://registry.npmjs.org/bootstrap/-/bootstrap-3.3.7.tgz#5a389394549f23330875a3b150656574f8a9eb71"

chart.js@^2.7.2:
  version "2.7.2"
  resolved "https://registry.yarnpkg.com/chart.js/-/chart.js-2.7.2.tgz#3c9fde4dc5b95608211bdefeda7e5d33dffa5714"
  dependencies:
    chartjs-color "^2.1.0"
    moment "^2.10.2"

chartjs-color-string@^0.5.0:
  version "0.5.0"
  resolved "https://registry.yarnpkg.com/chartjs-color-string/-/chartjs-color-string-0.5.0.tgz#8d3752d8581d86687c35bfe2cb80ac5213ceb8c1"
  dependencies:
    color-name "^1.0.0"

chartjs-color@^2.1.0:
  version "2.2.0"
  resolved "https://registry.yarnpkg.com/chartjs-color/-/chartjs-color-2.2.0.tgz#84a2fb755787ed85c39dd6dd8c7b1d88429baeae"
  dependencies:
    chartjs-color-string "^0.5.0"
    color-convert "^0.5.3"

color-convert@^0.5.3:
  version "0.5.3"
  resolved "https://registry.yarnpkg.com/color-convert/-/color-convert-0.5.3.tgz#bdb6c69ce660fadffe0b0007cc447e1b9f7282bd"

color-name@^1.0.0:
  version "1.1.4"
  resolved "https://registry.yarnpkg.com/color-name/-/color-name-1.1.4.tgz#c2a09a87acbde69543de6f63fa3995c826c536a2"

fastclick@1.0.6:
  version "1.0.6"
  resolved "https://registry.yarnpkg.com/fastclick/-/fastclick-1.0.6.tgz#161625b27b1a5806405936bda9a2c1926d06be6a"

flot@^0.8.0-alpha:
  version "0.8.0-alpha"
  resolved "https://registry.yarnpkg.com/flot/-/flot-0.8.0-alpha.tgz#9cbbc7147c10a47d2549db90bd2987ec1ba784ba"

font-awesome@4.7.0:
  version "4.7.0"
  resolved "https://registry.yarnpkg.com/font-awesome/-/font-awesome-4.7.0.tgz#8fa8cf0411a1a31afd07b06d2902bb9fc815a133"

gentelella@1.4.0:
  version "1.4.0"
  resolved "https://registry.yarnpkg.com/gentelella/-/gentelella-1.4.0.tgz#b3d15fd9c40c6ea47dc7f36290c8f89aee95efc5"

jquery-validation-unobtrusive@3.2.6:
  version "3.2.6"
  resolved "http://registry.npmjs.org/jquery-validation-unobtrusive/-/jquery-validation-unobtrusive-3.2.6.tgz#0f8767c5462e30b4a5743d12461e8057da7572e5"
  dependencies:
    jquery ">=1.8"
    jquery-validation ">=1.8"

jquery-validation@1.14.0:
  version "1.14.0"
  resolved "http://registry.npmjs.org/jquery-validation/-/jquery-validation-1.14.0.tgz#b8c04c9da19292fc33e2dc059b624c593715b23a"

jquery-validation@>=1.8:
  version "1.18.0"
  resolved "https://registry.yarnpkg.com/jquery-validation/-/jquery-validation-1.18.0.tgz#69898f6cddc3e8ef5811de84ff8b23fc24d93776"
  dependencies:
    jquery "^1.7 || ^2.0 || ^3.1"

jquery@2.2.0:
  version "2.2.0"
  resolved "https://registry.yarnpkg.com/jquery/-/jquery-2.2.0.tgz#d0e84ebbf199da51bf7ec39307f19b35754e9cba"

jquery@>=1.10, jquery@>=1.8, "jquery@^1.7 || ^2.0 || ^3.1":
  version "3.3.1"
  resolved "https://registry.yarnpkg.com/jquery/-/jquery-3.3.1.tgz#958ce29e81c9790f31be7792df5d4d95fc57fbca"

moment@^2.10.2, moment@^2.9.0:
  version "2.22.2"
  resolved "https://registry.yarnpkg.com/moment/-/moment-2.22.2.tgz#3c257f9839fc0e93ff53149632239eb90783ff66"

notifyjs@^2.0.1:
  version "2.0.1"
  resolved "https://registry.yarnpkg.com/notifyjs/-/notifyjs-2.0.1.tgz#509dc8c45b066801177e2b9b02c4dc8e0e932158"

nprogress@0.2.0:
  version "0.2.0"
  resolved "https://registry.yarnpkg.com/nprogress/-/nprogress-0.2.0.tgz#cb8f34c53213d895723fcbab907e9422adbcafb1"
